
Microsoft Visual Studio Solution File, Format Version 12.00
# Visual Studio 14
VisualStudioVersion = 14.0.25123.0
MinimumVisualStudioVersion = 10.0.40219.1
Project("{FAE04EC0-301F-11D3-BF4B-00C04F79EFBC}") = "JsonToCSV", "JsonToCSV\JsonToCSV.csproj", "{FEB38317-8E0F-4614-BC03-5F49A2F6BBAD}"
EndProject
Global
	GlobalSection(SolutionConfigurationPlatforms) = preSolution
		Debug|Any CPU = Debug|Any CPU
		Release|Any CPU = Release|Any CPU
	EndGlobalSection
	GlobalSection(ProjectConfigurationPlatforms) = postSolution
		{FEB38317-8E0F-4614-BC03-5F49A2F6BBAD}.Debug|Any CPU.ActiveCfg = Debug|Any CPU
		{FEB38317-8E0F-4614-BC03-5F49A2F6BBAD}.Debug|Any CPU.Build.0 = Debug|Any CPU
		{FEB38317-8E0F-4614-BC03-5F49A2F6BBAD}.Release|Any CPU.ActiveCfg = Release|Any CPU
		{FEB38317-8E0F-4614-BC03-5F49A2F6BBAD}.Release|Any CPU.Build.0 = Release|Any CPU
	EndGlobalSection
	GlobalSection(SolutionProperties) = preSolution
		HideSolutionNode = FALSE
	EndGlobalSection
EndGlobal
